{
  "nodes": {
    "nixpkgs": {
      "locked": {
        "lastModified": 1784755387,
        "narHash": "sha256-uxq8JKEE6bjRst96QKwH5snLXC5QkrqoY+CYuhGqGQg=",
        "owner": "NixOS",
        "repo": "nixpkgs",
        "rev": "2b7a84e696b76759b60bea1eafd62fa34fb96a6e",
        "type": "github"
      },
      "original": {
        "owner": "NixOS",
        "ref": "nixpkgs-26.05-darwin",
        "repo": "nixpkgs",
        "type": "github"
      }
    },
    "root": {
      "inputs": {
        "nixpkgs": "nixpkgs"
      }
    }
  },
  "root": "root",
  "version": 7
}
